<?xml version="1.0" encoding="utf-8"?>
<Project ToolsVersion="4.0" xmlns="http://schemas.microsoft.com/developer/msbuild/2003">
  <ItemGroup>
    <Filter Include="源文件">
      <UniqueIdentifier>{4FC737F1-C7A5-4376-A066-2A32D752A2FF}</UniqueIdentifier>
      <Extensions>cpp;c;cc;cxx;def;odl;idl;hpj;bat;asm;asmx</Extensions>
    </Filter>
    <Filter Include="头文件">
      <UniqueIdentifier>{93995380-89BD-4b04-88EB-625FBE52EBFB}</UniqueIdentifier>
      <Extensions>h;hh;hpp;hxx;hm;inl;inc;xsd</Extensions>
    </Filter>
    <Filter Include="资源文件">
      <UniqueIdentifier>{67DA6AB6-F800-4c08-8B7A-83BB121AAD01}</UniqueIdentifier>
      <Extensions>rc;ico;cur;bmp;dlg;rc2;rct;bin;rgs;gif;jpg;jpeg;jpe;resx;tiff;tif;png;wav;mfcribbon-ms</Extensions>
    </Filter>
  </ItemGroup>
  <ItemGroup>
    <ClInclude Include="D:\XMIG\rtt.lib\alloc.h">
      <Filter>头文件</Filter>
    </ClInclude>
    <ClInclude Include="D:\XMIG\rtt.lib\aniray.h">
      <Filter>头文件</Filter>
    </ClInclude>
    <ClInclude Include="D:\XMIG\rtt.lib\basicDefs.h">
      <Filter>头文件</Filter>
    </ClInclude>
    <ClInclude Include="D:\XMIG\rtt.lib\checkLicense.h">
      <Filter>头文件</Filter>
    </ClInclude>
    <ClInclude Include="D:\XMIG\rtt.lib\computeDerivsB.h">
      <Filter>头文件</Filter>
    </ClInclude>
    <ClInclude Include="D:\XMIG\rtt.lib\gridInterp.h">
      <Filter>头文件</Filter>
    </ClInclude>
    <ClInclude Include="D:\XMIG\rtt.lib\make3DArrays.h">
      <Filter>头文件</Filter>
    </ClInclude>
    <ClInclude Include="D:\XMIG\rtt.lib\parameters.h">
      <Filter>头文件</Filter>
    </ClInclude>
    <ClInclude Include="D:\XMIG\rtt.lib\ray.h">
      <Filter>头文件</Filter>
    </ClInclude>
    <ClInclude Include="D:\XMIG\rtt.lib\rayDataStructs.h">
      <Filter>头文件</Filter>
    </ClInclude>
    <ClInclude Include="D:\XMIG\rtt.lib\rayInternalDefs.h">
      <Filter>头文件</Filter>
    </ClInclude>
    <ClInclude Include="D:\XMIG\rtt.lib\rayPublic.h">
      <Filter>头文件</Filter>
    </ClInclude>
    <ClInclude Include="D:\XMIG\rtt.lib\rayPublicFORTRAN.h">
      <Filter>头文件</Filter>
    </ClInclude>
    <ClInclude Include="D:\XMIG\rtt.lib\rungeKutta.h">
      <Filter>头文件</Filter>
    </ClInclude>
    <ClInclude Include="D:\XMIG\rtt.lib\setGrid.h">
      <Filter>头文件</Filter>
    </ClInclude>
    <ClInclude Include="D:\XMIG\rtt.lib\triangle.h">
      <Filter>头文件</Filter>
    </ClInclude>
    <ClInclude Include="D:\XMIG\rtt.lib\triangleDataStructs.h">
      <Filter>头文件</Filter>
    </ClInclude>
    <ClInclude Include="D:\XMIG\rtt.lib\vectorDefs.h">
      <Filter>头文件</Filter>
    </ClInclude>
  </ItemGroup>
  <ItemGroup>
    <None Include="D:\XMIG\rtt.lib\C" />
  </ItemGroup>
  <ItemGroup>
    <ClCompile Include="D:\XMIG\rtt.lib\computeDerivsB.C">
      <Filter>源文件</Filter>
    </ClCompile>
    <ClCompile Include="D:\XMIG\rtt.lib\doRayStep.C">
      <Filter>源文件</Filter>
    </ClCompile>
    <ClCompile Include="D:\XMIG\rtt.lib\fillGrid.C">
      <Filter>源文件</Filter>
    </ClCompile>
    <ClCompile Include="D:\XMIG\rtt.lib\fillPoints.C">
      <Filter>源文件</Filter>
    </ClCompile>
    <ClCompile Include="D:\XMIG\rtt.lib\gridInterp.C">
      <Filter>源文件</Filter>
    </ClCompile>
    <ClCompile Include="D:\XMIG\rtt.lib\make3DArrays.C">
      <Filter>源文件</Filter>
    </ClCompile>
    <ClCompile Include="D:\XMIG\rtt.lib\makeRayNew2B.C">
      <Filter>源文件</Filter>
    </ClCompile>
    <ClCompile Include="D:\XMIG\rtt.lib\raytrc.cc">
      <Filter>源文件</Filter>
    </ClCompile>
    <ClCompile Include="D:\XMIG\rtt.lib\rungeKutta.C">
      <Filter>源文件</Filter>
    </ClCompile>
    <ClCompile Include="D:\XMIG\rtt.lib\setGrid.C">
      <Filter>源文件</Filter>
    </ClCompile>
    <ClCompile Include="D:\XMIG\rtt.lib\triangles.C">
      <Filter>源文件</Filter>
    </ClCompile>
    <ClCompile Include="D:\XMIG\rtt.lib\ttamp3.C">
      <Filter>源文件</Filter>
    </ClCompile>
    <ClCompile Include="D:\XMIG\rtt.lib\vel2.C">
      <Filter>源文件</Filter>
    </ClCompile>
  </ItemGroup>
</Project>